PODS:
  - Ji (2.0.1):
    - Ji/Ji (= 2.0.1)
  - Ji/Ji (2.0.1):
    - Ji/Ji-libxml
  - Ji/Ji-libxml (2.0.1)
  - OMGRssParser (0.1.0):
    - Ji (~> 2.0.0)

DEPENDENCIES:
  - OMGRssParser (~> 0.1)

SPEC CHECKSUMS:
  Ji: 6bb602a28dd08b804158f64990e6051ed5de0110
  OMGRssParser: 4a91cf181712daceaf153a6e11d7526f1588e8eb

PODFILE CHECKSUM: 3d91372e4f3446e1b5642f0f9609394dc1c6645c

COCOAPODS: 1.4.0.beta.1
